
Microsoft Visual Studio Solution File, Format Version 12.00
# Visual Studio Version 17
VisualStudioVersion = 17.9.34607.119
MinimumVisualStudioVersion = 10.0.40219.1
Project("{FAE04EC0-301F-11D3-BF4B-00C04F79EFBC}") = "Projeto Lista de Tarefas", "Projeto Lista de Tarefas\Projeto Lista de Tarefas.csproj", "{240DEF05-076B-45D7-9171-098CD6FEE53A}"
EndProject
Global
	GlobalSection(SolutionConfigurationPlatforms) = preSolution
		Debug|Any CPU = Debug|Any CPU
		Release|Any CPU = Release|Any CPU
	EndGlobalSection
	GlobalSection(ProjectConfigurationPlatforms) = postSolution
		{240DEF05-076B-45D7-9171-098CD6FEE53A}.Debug|Any CPU.ActiveCfg = Debug|Any CPU
		{240DEF05-076B-45D7-9171-098CD6FEE53A}.Debug|Any CPU.Build.0 = Debug|Any CPU
		{240DEF05-076B-45D7-9171-098CD6FEE53A}.Release|Any CPU.ActiveCfg = Release|Any CPU
		{240DEF05-076B-45D7-9171-098CD6FEE53A}.Release|Any CPU.Build.0 = Release|Any CPU
	EndGlobalSection
	GlobalSection(SolutionProperties) = preSolution
		HideSolutionNode = FALSE
	EndGlobalSection
	GlobalSection(ExtensibilityGlobals) = postSolution
		SolutionGuid = {AB63DE2A-9DD2-4611-BA14-AAF72354612A}
	EndGlobalSection
EndGlobal
